{
  "name": "node",
  "version": "1.0.0",
  "lockfileVersion": 3,
  "requires": true,
  "packages": {
    "": {
      "name": "node",
      "version": "1.0.0",
      "license": "ISC",
      "dependencies": {
        "merkleized-metadata": "^0.0.4"
      }
    },
    "node_modules/merkleized-metadata": {
      "version": "0.0.4",
      "resolved": "https://registry.npmjs.org/merkleized-metadata/-/merkleized-metadata-0.0.4.tgz",
      "integrity": "sha512-ifCGzRcoDAHNg7P+C4iqKl11HYnlXxKXPn0JK1/gQ4xLTOFfe6nzgklG+QRW5jMS1AQoVUnU6CGkOg+XvabnsQ==",
      "dependencies": {
        "merkleized-metadata-sys": "^0.0.8"
      }
    },
    "node_modules/merkleized-metadata-sys": {
      "version": "0.0.8",
      "resolved": "https://registry.npmjs.org/merkleized-metadata-sys/-/merkleized-metadata-sys-0.0.8.tgz",
      "integrity": "sha512-cTi1xHzMF/DIYr3qK31T0C5x43vOr+Ps7ZJ27JvR/1kmaRULa/OaexATKpu/LaQdYbvMC/p1KaRxFAz3nVEuiQ=="
    }
  }
}
