{
  "name": "node",
  "version": "1.0.0",
  "lockfileVersion": 3,
  "requires": true,
  "packages": {
    "": {
      "name": "node",
      "version": "1.0.0",
      "license": "ISC",
      "dependencies": {
        "merkleized-metadata": "^0.0.3"
      }
    },
    "node_modules/merkleized-metadata": {
      "version": "0.0.3",
      "resolved": "https://registry.npmjs.org/merkleized-metadata/-/merkleized-metadata-0.0.3.tgz",
      "integrity": "sha512-cpTLQAvVNYM3+C49cbHPp4umbCpWFkZM0figccIbDT8zSSPZ/kn/JG/gWcqeP2cm6l1txuJQJ5Ncv1rCZ/YpJQ==",
      "dependencies": {
        "merkleized-metadata-sys": "^0.0.7"
      }
    },
    "node_modules/merkleized-metadata-sys": {
      "version": "0.0.7",
      "resolved": "https://registry.npmjs.org/merkleized-metadata-sys/-/merkleized-metadata-sys-0.0.7.tgz",
      "integrity": "sha512-U9xb1/z9ssj+rFFq3Se1c5/2LNfU2TIIvtVxZVkzrD0a2IV568FEWqPIkuCUQvBzh/6lPJ9RfpgeDAziv11FrQ=="
    }
  }
}
