{
  "name": "merkleized-metadata",
  "version": "0.0.2",
  "lockfileVersion": 3,
  "requires": true,
  "packages": {
    "": {
      "name": "merkleized-metadata",
      "version": "0.0.2",
      "license": "Apache-2.0",
      "dependencies": {
        "merkleized-metadata-sys": "^0.0.6"
      },
      "devDependencies": {
        "typescript": "^5.4.5"
      }
    },
    "node_modules/merkleized-metadata-sys": {
      "version": "0.0.6",
      "resolved": "https://registry.npmjs.org/merkleized-metadata-sys/-/merkleized-metadata-sys-0.0.6.tgz",
      "integrity": "sha512-YafIxdDsm0iKKfram6UJfSqmnMdVC13mn+HEmJDwoV/fVVUHp8cda4Z2EgXQ97fr+2Wt5O/2TU1I/hu/uQ53Vg=="
    },
    "node_modules/typescript": {
      "version": "5.4.5",
      "resolved": "https://registry.npmjs.org/typescript/-/typescript-5.4.5.tgz",
      "integrity": "sha512-vcI4UpRgg81oIRUFwR0WSIHKt11nJ7SAVlYNIu+QpqeyXP+gpQJy/Z4+F0aGxSE4MqwjyXvW/TzgkLAx2AGHwQ==",
      "dev": true,
      "bin": {
        "tsc": "bin/tsc",
        "tsserver": "bin/tsserver"
      },
      "engines": {
        "node": ">=14.17"
      }
    }
  }
}
