{
  "name": "merkleized-metadata",
  "version": "0.0.4",
  "lockfileVersion": 3,
  "requires": true,
  "packages": {
    "": {
      "name": "merkleized-metadata",
      "version": "0.0.4",
      "license": "Apache-2.0",
      "dependencies": {
        "merkleized-metadata-sys": "^0.0.8"
      },
      "devDependencies": {
        "typescript": "^5.4.5"
      }
    },
    "node_modules/merkleized-metadata-sys": {
      "version": "0.0.8",
      "resolved": "https://registry.npmjs.org/merkleized-metadata-sys/-/merkleized-metadata-sys-0.0.8.tgz",
      "integrity": "sha512-cTi1xHzMF/DIYr3qK31T0C5x43vOr+Ps7ZJ27JvR/1kmaRULa/OaexATKpu/LaQdYbvMC/p1KaRxFAz3nVEuiQ=="
    },
    "node_modules/typescript": {
      "version": "5.4.5",
      "resolved": "https://registry.npmjs.org/typescript/-/typescript-5.4.5.tgz",
      "integrity": "sha512-vcI4UpRgg81oIRUFwR0WSIHKt11nJ7SAVlYNIu+QpqeyXP+gpQJy/Z4+F0aGxSE4MqwjyXvW/TzgkLAx2AGHwQ==",
      "dev": true,
      "bin": {
        "tsc": "bin/tsc",
        "tsserver": "bin/tsserver"
      },
      "engines": {
        "node": ">=14.17"
      }
    }
  }
}
